
Microsoft Visual Studio Solution File, Format Version 12.00
# Visual Studio Version 17
VisualStudioVersion = 17.0.31903.59
MinimumVisualStudioVersion = 10.0.40219.1
Project("{2150E333-8FDC-42A3-9474-1A3956D46DE8}") = "src", "src", "{BC2787D8-44FC-41D9-AF79-A88B020E3BCA}"
EndProject
Project("{FAE04EC0-301F-11D3-BF4B-00C04F79EFBC}") = "LiteCBS.Api", "src\LiteCBS.Api\LiteCBS.Api.csproj", "{4B022F37-7401-44CB-A56F-B1BB1C00E61A}"
EndProject
Project("{FAE04EC0-301F-11D3-BF4B-00C04F79EFBC}") = "LiteCBS.Core", "src\LiteCBS.Core\LiteCBS.Core.csproj", "{58788E9E-CD88-40F2-B252-C550232664B4}"
EndProject
Project("{FAE04EC0-301F-11D3-BF4B-00C04F79EFBC}") = "LiteCBS.Infrastructure", "src\LiteCBS.Infrastructure\LiteCBS.Infrastructure.csproj", "{128071CE-B414-4A30-9576-A320BA9861AA}"
EndProject
Project("{2150E333-8FDC-42A3-9474-1A3956D46DE8}") = "Modules", "Modules", "{E4525FF6-6BB2-42C2-8F3C-8E50AD17CAFA}"
EndProject
Project("{FAE04EC0-301F-11D3-BF4B-00C04F79EFBC}") = "LiteCBS.Modules.Licensing", "src\Modules\Licensing\LiteCBS.Modules.Licensing.csproj", "{34D6D0DA-453E-44A1-BAAC-0C2E4D5CD8CB}"
EndProject
Project("{FAE04EC0-301F-11D3-BF4B-00C04F79EFBC}") = "LiteCBS.Modules.IdentityAndKyc", "src\Modules\IdentityAndKyc\LiteCBS.Modules.IdentityAndKyc.csproj", "{E7488658-4149-452A-B7B2-557D0358070B}"
EndProject
Project("{FAE04EC0-301F-11D3-BF4B-00C04F79EFBC}") = "LiteCBS.Modules.Accounts", "src\Modules\Accounts\LiteCBS.Modules.Accounts.csproj", "{153758E3-688C-47BA-A46D-589C60384536}"
EndProject
Project("{FAE04EC0-301F-11D3-BF4B-00C04F79EFBC}") = "LiteCBS.Modules.Payments", "src\Modules\Payments\LiteCBS.Modules.Payments.csproj", "{D545CF73-5AD1-45CE-92F6-16DE4942BC45}"
EndProject
Project("{FAE04EC0-301F-11D3-BF4B-00C04F79EFBC}") = "LiteCBS.Modules.Cards", "src\Modules\Cards\LiteCBS.Modules.Cards.csproj", "{B2007D84-E95A-4BD9-8EC1-5014FBCC3485}"
EndProject
Project("{FAE04EC0-301F-11D3-BF4B-00C04F79EFBC}") = "LiteCBS.Modules.Compliance", "src\Modules\Compliance\LiteCBS.Modules.Compliance.csproj", "{6ECA9BCF-84E6-456B-80CB-0659B76D32D8}"
EndProject
Global
	GlobalSection(SolutionConfigurationPlatforms) = preSolution
		Debug|Any CPU = Debug|Any CPU
		Release|Any CPU = Release|Any CPU
	EndGlobalSection
	GlobalSection(SolutionProperties) = preSolution
		HideSolutionNode = FALSE
	EndGlobalSection
	GlobalSection(ProjectConfigurationPlatforms) = postSolution
		{4B022F37-7401-44CB-A56F-B1BB1C00E61A}.Debug|Any CPU.ActiveCfg = Debug|Any CPU
		{4B022F37-7401-44CB-A56F-B1BB1C00E61A}.Debug|Any CPU.Build.0 = Debug|Any CPU
		{4B022F37-7401-44CB-A56F-B1BB1C00E61A}.Release|Any CPU.ActiveCfg = Release|Any CPU
		{4B022F37-7401-44CB-A56F-B1BB1C00E61A}.Release|Any CPU.Build.0 = Release|Any CPU
		{58788E9E-CD88-40F2-B252-C550232664B4}.Debug|Any CPU.ActiveCfg = Debug|Any CPU
		{58788E9E-CD88-40F2-B252-C550232664B4}.Debug|Any CPU.Build.0 = Debug|Any CPU
		{58788E9E-CD88-40F2-B252-C550232664B4}.Release|Any CPU.ActiveCfg = Release|Any CPU
		{58788E9E-CD88-40F2-B252-C550232664B4}.Release|Any CPU.Build.0 = Release|Any CPU
		{128071CE-B414-4A30-9576-A320BA9861AA}.Debug|Any CPU.ActiveCfg = Debug|Any CPU
		{128071CE-B414-4A30-9576-A320BA9861AA}.Debug|Any CPU.Build.0 = Debug|Any CPU
		{128071CE-B414-4A30-9576-A320BA9861AA}.Release|Any CPU.ActiveCfg = Release|Any CPU
		{128071CE-B414-4A30-9576-A320BA9861AA}.Release|Any CPU.Build.0 = Release|Any CPU
		{34D6D0DA-453E-44A1-BAAC-0C2E4D5CD8CB}.Debug|Any CPU.ActiveCfg = Debug|Any CPU
		{34D6D0DA-453E-44A1-BAAC-0C2E4D5CD8CB}.Debug|Any CPU.Build.0 = Debug|Any CPU
		{34D6D0DA-453E-44A1-BAAC-0C2E4D5CD8CB}.Release|Any CPU.ActiveCfg = Release|Any CPU
		{34D6D0DA-453E-44A1-BAAC-0C2E4D5CD8CB}.Release|Any CPU.Build.0 = Release|Any CPU
		{E7488658-4149-452A-B7B2-557D0358070B}.Debug|Any CPU.ActiveCfg = Debug|Any CPU
		{E7488658-4149-452A-B7B2-557D0358070B}.Debug|Any CPU.Build.0 = Debug|Any CPU
		{E7488658-4149-452A-B7B2-557D0358070B}.Release|Any CPU.ActiveCfg = Release|Any CPU
		{E7488658-4149-452A-B7B2-557D0358070B}.Release|Any CPU.Build.0 = Release|Any CPU
		{153758E3-688C-47BA-A46D-589C60384536}.Debug|Any CPU.ActiveCfg = Debug|Any CPU
		{153758E3-688C-47BA-A46D-589C60384536}.Debug|Any CPU.Build.0 = Debug|Any CPU
		{153758E3-688C-47BA-A46D-589C60384536}.Release|Any CPU.ActiveCfg = Release|Any CPU
		{153758E3-688C-47BA-A46D-589C60384536}.Release|Any CPU.Build.0 = Release|Any CPU
		{D545CF73-5AD1-45CE-92F6-16DE4942BC45}.Debug|Any CPU.ActiveCfg = Debug|Any CPU
		{D545CF73-5AD1-45CE-92F6-16DE4942BC45}.Debug|Any CPU.Build.0 = Debug|Any CPU
		{D545CF73-5AD1-45CE-92F6-16DE4942BC45}.Release|Any CPU.ActiveCfg = Release|Any CPU
		{D545CF73-5AD1-45CE-92F6-16DE4942BC45}.Release|Any CPU.Build.0 = Release|Any CPU
		{B2007D84-E95A-4BD9-8EC1-5014FBCC3485}.Debug|Any CPU.ActiveCfg = Debug|Any CPU
		{B2007D84-E95A-4BD9-8EC1-5014FBCC3485}.Debug|Any CPU.Build.0 = Debug|Any CPU
		{B2007D84-E95A-4BD9-8EC1-5014FBCC3485}.Release|Any CPU.ActiveCfg = Release|Any CPU
		{B2007D84-E95A-4BD9-8EC1-5014FBCC3485}.Release|Any CPU.Build.0 = Release|Any CPU
		{6ECA9BCF-84E6-456B-80CB-0659B76D32D8}.Debug|Any CPU.ActiveCfg = Debug|Any CPU
		{6ECA9BCF-84E6-456B-80CB-0659B76D32D8}.Debug|Any CPU.Build.0 = Debug|Any CPU
		{6ECA9BCF-84E6-456B-80CB-0659B76D32D8}.Release|Any CPU.ActiveCfg = Release|Any CPU
		{6ECA9BCF-84E6-456B-80CB-0659B76D32D8}.Release|Any CPU.Build.0 = Release|Any CPU
	EndGlobalSection
	GlobalSection(NestedProjects) = preSolution
		{4B022F37-7401-44CB-A56F-B1BB1C00E61A} = {BC2787D8-44FC-41D9-AF79-A88B020E3BCA}
		{58788E9E-CD88-40F2-B252-C550232664B4} = {BC2787D8-44FC-41D9-AF79-A88B020E3BCA}
		{128071CE-B414-4A30-9576-A320BA9861AA} = {BC2787D8-44FC-41D9-AF79-A88B020E3BCA}
		{E4525FF6-6BB2-42C2-8F3C-8E50AD17CAFA} = {BC2787D8-44FC-41D9-AF79-A88B020E3BCA}
		{34D6D0DA-453E-44A1-BAAC-0C2E4D5CD8CB} = {E4525FF6-6BB2-42C2-8F3C-8E50AD17CAFA}
		{E7488658-4149-452A-B7B2-557D0358070B} = {E4525FF6-6BB2-42C2-8F3C-8E50AD17CAFA}
		{153758E3-688C-47BA-A46D-589C60384536} = {E4525FF6-6BB2-42C2-8F3C-8E50AD17CAFA}
		{D545CF73-5AD1-45CE-92F6-16DE4942BC45} = {E4525FF6-6BB2-42C2-8F3C-8E50AD17CAFA}
		{B2007D84-E95A-4BD9-8EC1-5014FBCC3485} = {E4525FF6-6BB2-42C2-8F3C-8E50AD17CAFA}
		{6ECA9BCF-84E6-456B-80CB-0659B76D32D8} = {E4525FF6-6BB2-42C2-8F3C-8E50AD17CAFA}
	EndGlobalSection
EndGlobal
